# This file is autogenerated, do not edit; changes may be undone by the next 'dep ensure'.


[[projects]]
  name = "github.com/awnumar/memguard"
  packages = [
    ".",
    "memcall"
  ]
  revision = "f431f51ecd92dc926a5084ac3e9c89080ec7edf4"
  version = "v0.15.0"

[[projects]]
  branch = "master"
  name = "golang.org/x/sys"
  packages = [
    "unix",
    "windows"
  ]
  revision = "4b34438f7a67ee5f45cc6132e2bad873a20324e9"

[solve-meta]
  analyzer-name = "dep"
  analyzer-version = 1
  inputs-digest = "338525091266f792a54ec0b1010411349a16d02a1e8872802995cd4a5350beea"
  solver-name = "gps-cdcl"
  solver-version = 1
